// !$*UTF8*$!
{
	archiveVersion = 1;
	classes = {
	};
	objectVersion = 56;
	objects = {

/* Begin PBXBuildFile section */
		2B8BBD232C8DDD77008139DF /* AppDelegate.swift in Sources */ = {isa = PBXBuildFile; fileRef = 2B8BBD222C8DDD77008139DF /* AppDelegate.swift */; };
		2B8BBD252C8DDD77008139DF /* SceneDelegate.swift in Sources */ = {isa = PBXBuildFile; fileRef = 2B8BBD242C8DDD77008139DF /* SceneDelegate.swift */; };
		2B8BBD2C2C8DDD79008139DF /* Assets.xcassets in Resources */ = {isa = PBXBuildFile; fileRef = 2B8BBD2B2C8DDD79008139DF /* Assets.xcassets */; };
		2B8BBD2F2C8DDD79008139DF /* LaunchScreen.storyboard in Resources */ = {isa = PBXBuildFile; fileRef = 2B8BBD2D2C8DDD79008139DF /* LaunchScreen.storyboard */; };
		2B8BBD3A2C8DDD79008139DF /* ContentSearchTests.swift in Sources */ = {isa = PBXBuildFile; fileRef = 2B8BBD392C8DDD79008139DF /* ContentSearchTests.swift */; };
		2B8BBD442C8DDD7A008139DF /* ContentSearchUITests.swift in Sources */ = {isa = PBXBuildFile; fileRef = 2B8BBD432C8DDD7A008139DF /* ContentSearchUITests.swift */; };
		2B8BBD462C8DDD7A008139DF /* ContentSearchUITestsLaunchTests.swift in Sources */ = {isa = PBXBuildFile; fileRef = 2B8BBD452C8DDD7A008139DF /* ContentSearchUITestsLaunchTests.swift */; };
		2B8BBD682C8F274F008139DF /* NetworkService.swift in Sources */ = {isa = PBXBuildFile; fileRef = 2B8BBD672C8F274F008139DF /* NetworkService.swift */; };
		2B8BBD6B2C8F4364008139DF /* NetworkDataFetcher.swift in Sources */ = {isa = PBXBuildFile; fileRef = 2B8BBD6A2C8F4364008139DF /* NetworkDataFetcher.swift */; };
		2B8BBD6D2C8F43B2008139DF /* SearchResults.swift in Sources */ = {isa = PBXBuildFile; fileRef = 2B8BBD6C2C8F43B2008139DF /* SearchResults.swift */; };
		2B8BBDCF2C90B4F2008139DF /* ContentCell.swift in Sources */ = {isa = PBXBuildFile; fileRef = 2B8BBDCE2C90B4F2008139DF /* ContentCell.swift */; };
		2B8BBDF72C92024F008139DF /* SearchViewController.swift in Sources */ = {isa = PBXBuildFile; fileRef = 2B8BBDF62C92024F008139DF /* SearchViewController.swift */; };
		2B8BBDF92C92E9A5008139DF /* DetailViewController.swift in Sources */ = {isa = PBXBuildFile; fileRef = 2B8BBDF82C92E9A5008139DF /* DetailViewController.swift */; };
/* End PBXBuildFile section */

/* Begin PBXContainerItemProxy section */
		2B8BBD362C8DDD79008139DF /* PBXContainerItemProxy */ = {
			isa = PBXContainerItemProxy;
			containerPortal = 2B8BBD172C8DDD77008139DF /* Project object */;
			proxyType = 1;
			remoteGlobalIDString = 2B8BBD1E2C8DDD77008139DF;
			remoteInfo = ContentSearch;
		};
		2B8BBD402C8DDD7A008139DF /* PBXContainerItemProxy */ = {
			isa = PBXContainerItemProxy;
			containerPortal = 2B8BBD172C8DDD77008139DF /* Project object */;
			proxyType = 1;
			remoteGlobalIDString = 2B8BBD1E2C8DDD77008139DF;
			remoteInfo = ContentSearch;
		};
/* End PBXContainerItemProxy section */

/* Begin PBXFileReference section */
		2B8BBD1F2C8DDD77008139DF /* ContentSearch.app */ = {isa = PBXFileReference; explicitFileType = wrapper.application; includeInIndex = 0; path = ContentSearch.app; sourceTree = BUILT_PRODUCTS_DIR; };
		2B8BBD222C8DDD77008139DF /* AppDelegate.swift */ = {isa = PBXFileReference; lastKnownFileType = sourcecode.swift; path = AppDelegate.swift; sourceTree = "<group>"; };
		2B8BBD242C8DDD77008139DF /* SceneDelegate.swift */ = {isa = PBXFileReference; lastKnownFileType = sourcecode.swift; path = SceneDelegate.swift; sourceTree = "<group>"; };
		2B8BBD2B2C8DDD79008139DF /* Assets.xcassets */ = {isa = PBXFileReference; lastKnownFileType = folder.assetcatalog; path = Assets.xcassets; sourceTree = "<group>"; };
		2B8BBD2E2C8DDD79008139DF /* Base */ = {isa = PBXFileReference; lastKnownFileType = file.storyboard; name = Base; path = Base.lproj/LaunchScreen.storyboard; sourceTree = "<group>"; };
		2B8BBD302C8DDD79008139DF /* Info.plist */ = {isa = PBXFileReference; lastKnownFileType = text.plist.xml; path = Info.plist; sourceTree = "<group>"; };
		2B8BBD352C8DDD79008139DF /* ContentSearchTests.xctest */ = {isa = PBXFileReference; explicitFileType = wrapper.cfbundle; includeInIndex = 0; path = ContentSearchTests.xctest; sourceTree = BUILT_PRODUCTS_DIR; };
		2B8BBD392C8DDD79008139DF /* ContentSearchTests.swift */ = {isa = PBXFileReference; lastKnownFileType = sourcecode.swift; path = ContentSearchTests.swift; sourceTree = "<group>"; };
		2B8BBD3F2C8DDD7A008139DF /* ContentSearchUITests.xctest */ = {isa = PBXFileReference; explicitFileType = wrapper.cfbundle; includeInIndex = 0; path = ContentSearchUITests.xctest; sourceTree = BUILT_PRODUCTS_DIR; };
		2B8BBD432C8DDD7A008139DF /* ContentSearchUITests.swift */ = {isa = PBXFileReference; lastKnownFileType = sourcecode.swift; path = ContentSearchUITests.swift; sourceTree = "<group>"; };
		2B8BBD452C8DDD7A008139DF /* ContentSearchUITestsLaunchTests.swift */ = {isa = PBXFileReference; lastKnownFileType = sourcecode.swift; path = ContentSearchUITestsLaunchTests.swift; sourceTree = "<group>"; };
		2B8BBD672C8F274F008139DF /* NetworkService.swift */ = {isa = PBXFileReference; lastKnownFileType = sourcecode.swift; path = NetworkService.swift; sourceTree = "<group>"; };
		2B8BBD6A2C8F4364008139DF /* NetworkDataFetcher.swift */ = {isa = PBXFileReference; lastKnownFileType = sourcecode.swift; path = NetworkDataFetcher.swift; sourceTree = "<group>"; };
		2B8BBD6C2C8F43B2008139DF /* SearchResults.swift */ = {isa = PBXFileReference; lastKnownFileType = sourcecode.swift; path = SearchResults.swift; sourceTree = "<group>"; };
		2B8BBDCE2C90B4F2008139DF /* ContentCell.swift */ = {isa = PBXFileReference; lastKnownFileType = sourcecode.swift; path = ContentCell.swift; sourceTree = "<group>"; };
		2B8BBDF62C92024F008139DF /* SearchViewController.swift */ = {isa = PBXFileReference; lastKnownFileType = sourcecode.swift; path = SearchViewController.swift; sourceTree = "<group>"; };
		2B8BBDF82C92E9A5008139DF /* DetailViewController.swift */ = {isa = PBXFileReference; lastKnownFileType = sourcecode.swift; path = DetailViewController.swift; sourceTree = "<group>"; };
/* End PBXFileReference section */

/* Begin PBXFrameworksBuildPhase section */
		2B8BBD1C2C8DDD77008139DF /* Frameworks */ = {
			isa = PBXFrameworksBuildPhase;
			buildActionMask = 2147483647;
			files = (
			);
			runOnlyForDeploymentPostprocessing = 0;
		};
		2B8BBD322C8DDD79008139DF /* Frameworks */ = {
			isa = PBXFrameworksBuildPhase;
			buildActionMask = 2147483647;
			files = (
			);
			runOnlyForDeploymentPostprocessing = 0;
		};
		2B8BBD3C2C8DDD7A008139DF /* Frameworks */ = {
			isa = PBXFrameworksBuildPhase;
			buildActionMask = 2147483647;
			files = (
			);
			runOnlyForDeploymentPostprocessing = 0;
		};
/* End PBXFrameworksBuildPhase section */

/* Begin PBXGroup section */
		2B8BBD162C8DDD77008139DF = {
			isa = PBXGroup;
			children = (
				2B8BBD212C8DDD77008139DF /* ContentSearch */,
				2B8BBD382C8DDD79008139DF /* ContentSearchTests */,
				2B8BBD422C8DDD7A008139DF /* ContentSearchUITests */,
				2B8BBD202C8DDD77008139DF /* Products */,
			);
			sourceTree = "<group>";
		};
		2B8BBD202C8DDD77008139DF /* Products */ = {
			isa = PBXGroup;
			children = (
				2B8BBD1F2C8DDD77008139DF /* ContentSearch.app */,
				2B8BBD352C8DDD79008139DF /* ContentSearchTests.xctest */,
				2B8BBD3F2C8DDD7A008139DF /* ContentSearchUITests.xctest */,
			);
			name = Products;
			sourceTree = "<group>";
		};
		2B8BBD212C8DDD77008139DF /* ContentSearch */ = {
			isa = PBXGroup;
			children = (
				2B8BBD222C8DDD77008139DF /* AppDelegate.swift */,
				2B8BBD242C8DDD77008139DF /* SceneDelegate.swift */,
				2B8BBD692C8F327C008139DF /* Service */,
				2B8BBDF62C92024F008139DF /* SearchViewController.swift */,
				2B8BBDF82C92E9A5008139DF /* DetailViewController.swift */,
				2B8BBDCE2C90B4F2008139DF /* ContentCell.swift */,
				2B8BBD2B2C8DDD79008139DF /* Assets.xcassets */,
				2B8BBD2D2C8DDD79008139DF /* LaunchScreen.storyboard */,
				2B8BBD302C8DDD79008139DF /* Info.plist */,
			);
			path = ContentSearch;
			sourceTree = "<group>";
		};
		2B8BBD382C8DDD79008139DF /* ContentSearchTests */ = {
			isa = PBXGroup;
			children = (
				2B8BBD392C8DDD79008139DF /* ContentSearchTests.swift */,
			);
			path = ContentSearchTests;
			sourceTree = "<group>";
		};
		2B8BBD422C8DDD7A008139DF /* ContentSearchUITests */ = {
			isa = PBXGroup;
			children = (
				2B8BBD432C8DDD7A008139DF /* ContentSearchUITests.swift */,
				2B8BBD452C8DDD7A008139DF /* ContentSearchUITestsLaunchTests.swift */,
			);
			path = ContentSearchUITests;
			sourceTree = "<group>";
		};
		2B8BBD692C8F327C008139DF /* Service */ = {
			isa = PBXGroup;
			children = (
				2B8BBD672C8F274F008139DF /* NetworkService.swift */,
				2B8BBD6A2C8F4364008139DF /* NetworkDataFetcher.swift */,
				2B8BBD6E2C8F43BD008139DF /* Models */,
			);
			path = Service;
			sourceTree = "<group>";
		};
		2B8BBD6E2C8F43BD008139DF /* Models */ = {
			isa = PBXGroup;
			children = (
				2B8BBD6C2C8F43B2008139DF /* SearchResults.swift */,
			);
			path = Models;
			sourceTree = "<group>";
		};
/* End PBXGroup section */

/* Begin PBXNativeTarget section */
		2B8BBD1E2C8DDD77008139DF /* ContentSearch */ = {
			isa = PBXNativeTarget;
			buildConfigurationList = 2B8BBD492C8DDD7A008139DF /* Build configuration list for PBXNativeTarget "ContentSearch" */;
			buildPhases = (
				2B8BBD1B2C8DDD77008139DF /* Sources */,
				2B8BBD1C2C8DDD77008139DF /* Frameworks */,
				2B8BBD1D2C8DDD77008139DF /* Resources */,
			);
			buildRules = (
			);
			dependencies = (
			);
			name = ContentSearch;
			productName = ContentSearch;
			productReference = 2B8BBD1F2C8DDD77008139DF /* ContentSearch.app */;
			productType = "com.apple.product-type.application";
		};
		2B8BBD342C8DDD79008139DF /* ContentSearchTests */ = {
			isa = PBXNativeTarget;
			buildConfigurationList = 2B8BBD4C2C8DDD7A008139DF /* Build configuration list for PBXNativeTarget "ContentSearchTests" */;
			buildPhases = (
				2B8BBD312C8DDD79008139DF /* Sources */,
				2B8BBD322C8DDD79008139DF /* Frameworks */,
				2B8BBD332C8DDD79008139DF /* Resources */,
			);
			buildRules = (
			);
			dependencies = (
				2B8BBD372C8DDD79008139DF /* PBXTargetDependency */,
			);
			name = ContentSearchTests;
			productName = ContentSearchTests;
			productReference = 2B8BBD352C8DDD79008139DF /* ContentSearchTests.xctest */;
			productType = "com.apple.product-type.bundle.unit-test";
		};
		2B8BBD3E2C8DDD7A008139DF /* ContentSearchUITests */ = {
			isa = PBXNativeTarget;
			buildConfigurationList = 2B8BBD4F2C8DDD7A008139DF /* Build configuration list for PBXNativeTarget "ContentSearchUITests" */;
			buildPhases = (
				2B8BBD3B2C8DDD7A008139DF /* Sources */,
				2B8BBD3C2C8DDD7A008139DF /* Frameworks */,
				2B8BBD3D2C8DDD7A008139DF /* Resources */,
			);
			buildRules = (
			);
			dependencies = (
				2B8BBD412C8DDD7A008139DF /* PBXTargetDependency */,
			);
			name = ContentSearchUITests;
			productName = ContentSearchUITests;
			productReference = 2B8BBD3F2C8DDD7A008139DF /* ContentSearchUITests.xctest */;
			productType = "com.apple.product-type.bundle.ui-testing";
		};
/* End PBXNativeTarget section */

/* Begin PBXProject section */
		2B8BBD172C8DDD77008139DF /* Project object */ = {
			isa = PBXProject;
			attributes = {
				BuildIndependentTargetsInParallel = 1;
				LastSwiftUpdateCheck = 1520;
				LastUpgradeCheck = 1520;
				TargetAttributes = {
					2B8BBD1E2C8DDD77008139DF = {
						CreatedOnToolsVersion = 15.2;
					};
					2B8BBD342C8DDD79008139DF = {
						CreatedOnToolsVersion = 15.2;
						TestTargetID = 2B8BBD1E2C8DDD77008139DF;
					};
					2B8BBD3E2C8DDD7A008139DF = {
						CreatedOnToolsVersion = 15.2;
						TestTargetID = 2B8BBD1E2C8DDD77008139DF;
					};
				};
			};
			buildConfigurationList = 2B8BBD1A2C8DDD77008139DF /* Build configuration list for PBXProject "ContentSearch" */;
			compatibilityVersion = "Xcode 14.0";
			developmentRegion = en;
			hasScannedForEncodings = 0;
			knownRegions = (
				en,
				Base,
			);
			mainGroup = 2B8BBD162C8DDD77008139DF;
			productRefGroup = 2B8BBD202C8DDD77008139DF /* Products */;
			projectDirPath = "";
			projectRoot = "";
			targets = (
				2B8BBD1E2C8DDD77008139DF /* ContentSearch */,
				2B8BBD342C8DDD79008139DF /* ContentSearchTests */,
				2B8BBD3E2C8DDD7A008139DF /* ContentSearchUITests */,
			);
		};
/* End PBXProject section */

/* Begin PBXResourcesBuildPhase section */
		2B8BBD1D2C8DDD77008139DF /* Resources */ = {
			isa = PBXResourcesBuildPhase;
			buildActionMask = 2147483647;
			files = (
				2B8BBD2F2C8DDD79008139DF /* LaunchScreen.storyboard in Resources */,
				2B8BBD2C2C8DDD79008139DF /* Assets.xcassets in Resources */,
			);
			runOnlyForDeploymentPostprocessing = 0;
		};
		2B8BBD332C8DDD79008139DF /* Resources */ = {
			isa = PBXResourcesBuildPhase;
			buildActionMask = 2147483647;
			files = (
			);
			runOnlyForDeploymentPostprocessing = 0;
		};
		2B8BBD3D2C8DDD7A008139DF /* Resources */ = {
			isa = PBXResourcesBuildPhase;
			buildActionMask = 2147483647;
			files = (
			);
			runOnlyForDeploymentPostprocessing = 0;
		};
/* End PBXResourcesBuildPhase section */

/* Begin PBXSourcesBuildPhase section */
		2B8BBD1B2C8DDD77008139DF /* Sources */ = {
			isa = PBXSourcesBuildPhase;
			buildActionMask = 2147483647;
			files = (
				2B8BBD232C8DDD77008139DF /* AppDelegate.swift in Sources */,
				2B8BBD682C8F274F008139DF /* NetworkService.swift in Sources */,
				2B8BBD252C8DDD77008139DF /* SceneDelegate.swift in Sources */,
				2B8BBDF72C92024F008139DF /* SearchViewController.swift in Sources */,
				2B8BBD6D2C8F43B2008139DF /* SearchResults.swift in Sources */,
				2B8BBDF92C92E9A5008139DF /* DetailViewController.swift in Sources */,
				2B8BBD6B2C8F4364008139DF /* NetworkDataFetcher.swift in Sources */,
				2B8BBDCF2C90B4F2008139DF /* ContentCell.swift in Sources */,
			);
			runOnlyForDeploymentPostprocessing = 0;
		};
		2B8BBD312C8DDD79008139DF /* Sources */ = {
			isa = PBXSourcesBuildPhase;
			buildActionMask = 2147483647;
			files = (
				2B8BBD3A2C8DDD79008139DF /* ContentSearchTests.swift in Sources */,
			);
			runOnlyForDeploymentPostprocessing = 0;
		};
		2B8BBD3B2C8DDD7A008139DF /* Sources */ = {
			isa = PBXSourcesBuildPhase;
			buildActionMask = 2147483647;
			files = (
				2B8BBD462C8DDD7A008139DF /* ContentSearchUITestsLaunchTests.swift in Sources */,
				2B8BBD442C8DDD7A008139DF /* ContentSearchUITests.swift in Sources */,
			);
			runOnlyForDeploymentPostprocessing = 0;
		};
/* End PBXSourcesBuildPhase section */

/* Begin PBXTargetDependency section */
		2B8BBD372C8DDD79008139DF /* PBXTargetDependency */ = {
			isa = PBXTargetDependency;
			target = 2B8BBD1E2C8DDD77008139DF /* ContentSearch */;
			targetProxy = 2B8BBD362C8DDD79008139DF /* PBXContainerItemProxy */;
		};
		2B8BBD412C8DDD7A008139DF /* PBXTargetDependency */ = {
			isa = PBXTargetDependency;
			target = 2B8BBD1E2C8DDD77008139DF /* ContentSearch */;
			targetProxy = 2B8BBD402C8DDD7A008139DF /* PBXContainerItemProxy */;
		};
/* End PBXTargetDependency section */

/* Begin PBXVariantGroup section */
		2B8BBD2D2C8DDD79008139DF /* LaunchScreen.storyboard */ = {
			isa = PBXVariantGroup;
			children = (
				2B8BBD2E2C8DDD79008139DF /* Base */,
			);
			name = LaunchScreen.storyboard;
			sourceTree = "<group>";
		};
/* End PBXVariantGroup section */

/* Begin XCBuildConfiguration section */
		2B8BBD472C8DDD7A008139DF /* Debug */ = {
			isa = XCBuildConfiguration;
			buildSettings = {
				ALWAYS_SEARCH_USER_PATHS = NO;
				ASSETCATALOG_COMPILER_GENERATE_SWIFT_ASSET_SYMBOL_EXTENSIONS = YES;
				CLANG_ANALYZER_NONNULL = YES;
				CLANG_ANALYZER_NUMBER_OBJECT_CONVERSION = YES_AGGRESSIVE;
				CLANG_CXX_LANGUAGE_STANDARD = "gnu++20";
				CLANG_ENABLE_MODULES = YES;
				CLANG_ENABLE_OBJC_ARC = YES;
				CLANG_ENABLE_OBJC_WEAK = YES;
				CLANG_WARN_BLOCK_CAPTURE_AUTORELEASING = YES;
				CLANG_WARN_BOOL_CONVERSION = YES;
				CLANG_WARN_COMMA = YES;
				CLANG_WARN_CONSTANT_CONVERSION = YES;
				CLANG_WARN_DEPRECATED_OBJC_IMPLEMENTATIONS = YES;
				CLANG_WARN_DIRECT_OBJC_ISA_USAGE = YES_ERROR;
				CLANG_WARN_DOCUMENTATION_COMMENTS = YES;
				CLANG_WARN_EMPTY_BODY = YES;
				CLANG_WARN_ENUM_CONVERSION = YES;
				CLANG_WARN_INFINITE_RECURSION = YES;
				CLANG_WARN_INT_CONVERSION = YES;
				CLANG_WARN_NON_LITERAL_NULL_CONVERSION = YES;
				CLANG_WARN_OBJC_IMPLICIT_RETAIN_SELF = YES;
				CLANG_WARN_OBJC_LITERAL_CONVERSION = YES;
				CLANG_WARN_OBJC_ROOT_CLASS = YES_ERROR;
				CLANG_WARN_QUOTED_INCLUDE_IN_FRAMEWORK_HEADER = YES;
				CLANG_WARN_RANGE_LOOP_ANALYSIS = YES;
				CLANG_WARN_STRICT_PROTOTYPES = YES;
				CLANG_WARN_SUSPICIOUS_MOVE = YES;
				CLANG_WARN_UNGUARDED_AVAILABILITY = YES_AGGRESSIVE;
				CLANG_WARN_UNREACHABLE_CODE = YES;
				CLANG_WARN__DUPLICATE_METHOD_MATCH = YES;
				COPY_PHASE_STRIP = NO;
				DEBUG_INFORMATION_FORMAT = dwarf;
				ENABLE_STRICT_OBJC_MSGSEND = YES;
				ENABLE_TESTABILITY = YES;
				ENABLE_USER_SCRIPT_SANDBOXING = YES;
				GCC_C_LANGUAGE_STANDARD = gnu17;
				GCC_DYNAMIC_NO_PIC = NO;
				GCC_NO_COMMON_BLOCKS = YES;
				GCC_OPTIMIZATION_LEVEL = 0;
				GCC_PREPROCESSOR_DEFINITIONS = (
					"DEBUG=1",
					"$(inherited)",
				);
				GCC_WARN_64_TO_32_BIT_CONVERSION = YES;
				GCC_WARN_ABOUT_RETURN_TYPE = YES_ERROR;
				GCC_WARN_UNDECLARED_SELECTOR = YES;
				GCC_WARN_UNINITIALIZED_AUTOS = YES_AGGRESSIVE;
				GCC_WARN_UNUSED_FUNCTION = YES;
				GCC_WARN_UNUSED_VARIABLE = YES;
				IPHONEOS_DEPLOYMENT_TARGET = 17.2;
				LOCALIZATION_PREFERS_STRING_CATALOGS = YES;
				MTL_ENABLE_DEBUG_INFO = INCLUDE_SOURCE;
				MTL_FAST_MATH = YES;
				ONLY_ACTIVE_ARCH = YES;
				SDKROOT = iphoneos;
				SWIFT_ACTIVE_COMPILATION_CONDITIONS = "DEBUG $(inherited)";
				SWIFT_OPTIMIZATION_LEVEL = "-Onone";
			};
			name = Debug;
		};
		2B8BBD482C8DDD7A008139DF /* Release */ = {
			isa = XCBuildConfiguration;
			buildSettings = {
				ALWAYS_SEARCH_USER_PATHS = NO;
				ASSETCATALOG_COMPILER_GENERATE_SWIFT_ASSET_SYMBOL_EXTENSIONS = YES;
				CLANG_ANALYZER_NONNULL = YES;
				CLANG_ANALYZER_NUMBER_OBJECT_CONVERSION = YES_AGGRESSIVE;
				CLANG_CXX_LANGUAGE_STANDARD = "gnu++20";
				CLANG_ENABLE_MODULES = YES;
				CLANG_ENABLE_OBJC_ARC = YES;
				CLANG_ENABLE_OBJC_WEAK = YES;
				CLANG_WARN_BLOCK_CAPTURE_AUTORELEASING = YES;
				CLANG_WARN_BOOL_CONVERSION = YES;
				CLANG_WARN_COMMA = YES;
				CLANG_WARN_CONSTANT_CONVERSION = YES;
				CLANG_WARN_DEPRECATED_OBJC_IMPLEMENTATIONS = YES;
				CLANG_WARN_DIRECT_OBJC_ISA_USAGE = YES_ERROR;
				CLANG_WARN_DOCUMENTATION_COMMENTS = YES;
				CLANG_WARN_EMPTY_BODY = YES;
				CLANG_WARN_ENUM_CONVERSION = YES;
				CLANG_WARN_INFINITE_RECURSION = YES;
				CLANG_WARN_INT_CONVERSION = YES;
				CLANG_WARN_NON_LITERAL_NULL_CONVERSION = YES;
				CLANG_WARN_OBJC_IMPLICIT_RETAIN_SELF = YES;
				CLANG_WARN_OBJC_LITERAL_CONVERSION = YES;
				CLANG_WARN_OBJC_ROOT_CLASS = YES_ERROR;
				CLANG_WARN_QUOTED_INCLUDE_IN_FRAMEWORK_HEADER = YES;
				CLANG_WARN_RANGE_LOOP_ANALYSIS = YES;
				CLANG_WARN_STRICT_PROTOTYPES = YES;
				CLANG_WARN_SUSPICIOUS_MOVE = YES;
				CLANG_WARN_UNGUARDED_AVAILABILITY = YES_AGGRESSIVE;
				CLANG_WARN_UNREACHABLE_CODE = YES;
				CLANG_WARN__DUPLICATE_METHOD_MATCH = YES;
				COPY_PHASE_STRIP = NO;
				DEBUG_INFORMATION_FORMAT = "dwarf-with-dsym";
				ENABLE_NS_ASSERTIONS = NO;
				ENABLE_STRICT_OBJC_MSGSEND = YES;
				ENABLE_USER_SCRIPT_SANDBOXING = YES;
				GCC_C_LANGUAGE_STANDARD = gnu17;
				GCC_NO_COMMON_BLOCKS = YES;
				GCC_WARN_64_TO_32_BIT_CONVERSION = YES;
				GCC_WARN_ABOUT_RETURN_TYPE = YES_ERROR;
				GCC_WARN_UNDECLARED_SELECTOR = YES;
				GCC_WARN_UNINITIALIZED_AUTOS = YES_AGGRESSIVE;
				GCC_WARN_UNUSED_FUNCTION = YES;
				GCC_WARN_UNUSED_VARIABLE = YES;
				IPHONEOS_DEPLOYMENT_TARGET = 17.2;
				LOCALIZATION_PREFERS_STRING_CATALOGS = YES;
				MTL_ENABLE_DEBUG_INFO = NO;
				MTL_FAST_MATH = YES;
				SDKROOT = iphoneos;
				SWIFT_COMPILATION_MODE = wholemodule;
				VALIDATE_PRODUCT = YES;
			};
			name = Release;
		};
		2B8BBD4A2C8DDD7A008139DF /* Debug */ = {
			isa = XCBuildConfiguration;
			buildSettings = {
				ASSETCATALOG_COMPILER_APPICON_NAME = AppIcon;
				ASSETCATALOG_COMPILER_GLOBAL_ACCENT_COLOR_NAME = AccentColor;
				CODE_SIGN_STYLE = Automatic;
				CURRENT_PROJECT_VERSION = 1;
				DEVELOPMENT_TEAM = CQKW5SV7PX;
				GENERATE_INFOPLIST_FILE = YES;
				INFOPLIST_FILE = ContentSearch/Info.plist;
				INFOPLIST_KEY_UIApplicationSupportsIndirectInputEvents = YES;
				INFOPLIST_KEY_UILaunchStoryboardName = LaunchScreen;
				INFOPLIST_KEY_UISupportedInterfaceOrientations_iPad = "UIInterfaceOrientationPortrait UIInterfaceOrientationPortraitUpsideDown UIInterfaceOrientationLandscapeLeft UIInterfaceOrientationLandscapeRight";
				INFOPLIST_KEY_UISupportedInterfaceOrientations_iPhone = "UIInterfaceOrientationPortrait UIInterfaceOrientationLandscapeLeft UIInterfaceOrientationLandscapeRight";
				LD_RUNPATH_SEARCH_PATHS = (
					"$(inherited)",
					"@executable_path/Frameworks",
				);
				MARKETING_VERSION = 1.0;
				PRODUCT_BUNDLE_IDENTIFIER = adm.ContentSearch;
				PRODUCT_NAME = "$(TARGET_NAME)";
				SUPPORTED_PLATFORMS = "iphoneos iphonesimulator";
				SUPPORTS_MACCATALYST = NO;
				SUPPORTS_MAC_DESIGNED_FOR_IPHONE_IPAD = NO;
				SUPPORTS_XR_DESIGNED_FOR_IPHONE_IPAD = NO;
				SWIFT_EMIT_LOC_STRINGS = YES;
				SWIFT_VERSION = 5.0;
				TARGETED_DEVICE_FAMILY = "1,2";
			};
			name = Debug;
		};
		2B8BBD4B2C8DDD7A008139DF /* Release */ = {
			isa = XCBuildConfiguration;
			buildSettings = {
				ASSETCATALOG_COMPILER_APPICON_NAME = AppIcon;
				ASSETCATALOG_COMPILER_GLOBAL_ACCENT_COLOR_NAME = AccentColor;
				CODE_SIGN_STYLE = Automatic;
				CURRENT_PROJECT_VERSION = 1;
				DEVELOPMENT_TEAM = CQKW5SV7PX;
				GENERATE_INFOPLIST_FILE = YES;
				INFOPLIST_FILE = ContentSearch/Info.plist;
				INFOPLIST_KEY_UIApplicationSupportsIndirectInputEvents = YES;
				INFOPLIST_KEY_UILaunchStoryboardName = LaunchScreen;
				INFOPLIST_KEY_UISupportedInterfaceOrientations_iPad = "UIInterfaceOrientationPortrait UIInterfaceOrientationPortraitUpsideDown UIInterfaceOrientationLandscapeLeft UIInterfaceOrientationLandscapeRight";
				INFOPLIST_KEY_UISupportedInterfaceOrientations_iPhone = "UIInterfaceOrientationPortrait UIInterfaceOrientationLandscapeLeft UIInterfaceOrientationLandscapeRight";
				LD_RUNPATH_SEARCH_PATHS = (
					"$(inherited)",
					"@executable_path/Frameworks",
				);
				MARKETING_VERSION = 1.0;
				PRODUCT_BUNDLE_IDENTIFIER = adm.ContentSearch;
				PRODUCT_NAME = "$(TARGET_NAME)";
				SUPPORTED_PLATFORMS = "iphoneos iphonesimulator";
				SUPPORTS_MACCATALYST = NO;
				SUPPORTS_MAC_DESIGNED_FOR_IPHONE_IPAD = NO;
				SUPPORTS_XR_DESIGNED_FOR_IPHONE_IPAD = NO;
				SWIFT_EMIT_LOC_STRINGS = YES;
				SWIFT_VERSION = 5.0;
				TARGETED_DEVICE_FAMILY = "1,2";
			};
			name = Release;
		};
		2B8BBD4D2C8DDD7A008139DF /* Debug */ = {
			isa = XCBuildConfiguration;
			buildSettings = {
				ALWAYS_EMBED_SWIFT_STANDARD_LIBRARIES = YES;
				BUNDLE_LOADER = "$(TEST_HOST)";
				CODE_SIGN_STYLE = Automatic;
				CURRENT_PROJECT_VERSION = 1;
				DEVELOPMENT_TEAM = CQKW5SV7PX;
				GENERATE_INFOPLIST_FILE = YES;
				IPHONEOS_DEPLOYMENT_TARGET = 17.2;
				MARKETING_VERSION = 1.0;
				PRODUCT_BUNDLE_IDENTIFIER = adm.ContentSearchTests;
				PRODUCT_NAME = "$(TARGET_NAME)";
				SWIFT_EMIT_LOC_STRINGS = NO;
				SWIFT_VERSION = 5.0;
				TARGETED_DEVICE_FAMILY = "1,2";
				TEST_HOST = "$(BUILT_PRODUCTS_DIR)/ContentSearch.app/$(BUNDLE_EXECUTABLE_FOLDER_PATH)/ContentSearch";
			};
			name = Debug;
		};
		2B8BBD4E2C8DDD7A008139DF /* Release */ = {
			isa = XCBuildConfiguration;
			buildSettings = {
				ALWAYS_EMBED_SWIFT_STANDARD_LIBRARIES = YES;
				BUNDLE_LOADER = "$(TEST_HOST)";
				CODE_SIGN_STYLE = Automatic;
				CURRENT_PROJECT_VERSION = 1;
				DEVELOPMENT_TEAM = CQKW5SV7PX;
				GENERATE_INFOPLIST_FILE = YES;
				IPHONEOS_DEPLOYMENT_TARGET = 17.2;
				MARKETING_VERSION = 1.0;
				PRODUCT_BUNDLE_IDENTIFIER = adm.ContentSearchTests;
				PRODUCT_NAME = "$(TARGET_NAME)";
				SWIFT_EMIT_LOC_STRINGS = NO;
				SWIFT_VERSION = 5.0;
				TARGETED_DEVICE_FAMILY = "1,2";
				TEST_HOST = "$(BUILT_PRODUCTS_DIR)/ContentSearch.app/$(BUNDLE_EXECUTABLE_FOLDER_PATH)/ContentSearch";
			};
			name = Release;
		};
		2B8BBD502C8DDD7A008139DF /* Debug */ = {
			isa = XCBuildConfiguration;
			buildSettings = {
				ALWAYS_EMBED_SWIFT_STANDARD_LIBRARIES = YES;
				CODE_SIGN_STYLE = Automatic;
				CURRENT_PROJECT_VERSION = 1;
				GENERATE_INFOPLIST_FILE = YES;
				MARKETING_VERSION = 1.0;
				PRODUCT_BUNDLE_IDENTIFIER = adm.ContentSearchUITests;
				PRODUCT_NAME = "$(TARGET_NAME)";
				SWIFT_EMIT_LOC_STRINGS = NO;
				SWIFT_VERSION = 5.0;
				TARGETED_DEVICE_FAMILY = "1,2";
				TEST_TARGET_NAME = ContentSearch;
			};
			name = Debug;
		};
		2B8BBD512C8DDD7A008139DF /* Release */ = {
			isa = XCBuildConfiguration;
			buildSettings = {
				ALWAYS_EMBED_SWIFT_STANDARD_LIBRARIES = YES;
				CODE_SIGN_STYLE = Automatic;
				CURRENT_PROJECT_VERSION = 1;
				GENERATE_INFOPLIST_FILE = YES;
				MARKETING_VERSION = 1.0;
				PRODUCT_BUNDLE_IDENTIFIER = adm.ContentSearchUITests;
				PRODUCT_NAME = "$(TARGET_NAME)";
				SWIFT_EMIT_LOC_STRINGS = NO;
				SWIFT_VERSION = 5.0;
				TARGETED_DEVICE_FAMILY = "1,2";
				TEST_TARGET_NAME = ContentSearch;
			};
			name = Release;
		};
/* End XCBuildConfiguration section */

/* Begin XCConfigurationList section */
		2B8BBD1A2C8DDD77008139DF /* Build configuration list for PBXProject "ContentSearch" */ = {
			isa = XCConfigurationList;
			buildConfigurations = (
				2B8BBD472C8DDD7A008139DF /* Debug */,
				2B8BBD482C8DDD7A008139DF /* Release */,
			);
			defaultConfigurationIsVisible = 0;
			defaultConfigurationName = Release;
		};
		2B8BBD492C8DDD7A008139DF /* Build configuration list for PBXNativeTarget "ContentSearch" */ = {
			isa = XCConfigurationList;
			buildConfigurations = (
				2B8BBD4A2C8DDD7A008139DF /* Debug */,
				2B8BBD4B2C8DDD7A008139DF /* Release */,
			);
			defaultConfigurationIsVisible = 0;
			defaultConfigurationName = Release;
		};
		2B8BBD4C2C8DDD7A008139DF /* Build configuration list for PBXNativeTarget "ContentSearchTests" */ = {
			isa = XCConfigurationList;
			buildConfigurations = (
				2B8BBD4D2C8DDD7A008139DF /* Debug */,
				2B8BBD4E2C8DDD7A008139DF /* Release */,
			);
			defaultConfigurationIsVisible = 0;
			defaultConfigurationName = Release;
		};
		2B8BBD4F2C8DDD7A008139DF /* Build configuration list for PBXNativeTarget "ContentSearchUITests" */ = {
			isa = XCConfigurationList;
			buildConfigurations = (
				2B8BBD502C8DDD7A008139DF /* Debug */,
				2B8BBD512C8DDD7A008139DF /* Release */,
			);
			defaultConfigurationIsVisible = 0;
			defaultConfigurationName = Release;
		};
/* End XCConfigurationList section */
	};
	rootObject = 2B8BBD172C8DDD77008139DF /* Project object */;
}
